
Microsoft Visual Studio Solution File, Format Version 11.00
# Visual C# Express 2010
Project("{FAE04EC0-301F-11D3-BF4B-00C04F79EFBC}") = "PortScannerTest", "PortScannerTest.csproj", "{ED7A59D2-A4A1-4372-B9E7-2A35EF43C48F}"
EndProject
Global
	GlobalSection(SolutionConfigurationPlatforms) = preSolution
		Debug|x86 = Debug|x86
		Release|x86 = Release|x86
	EndGlobalSection
	GlobalSection(ProjectConfigurationPlatforms) = postSolution
		{ED7A59D2-A4A1-4372-B9E7-2A35EF43C48F}.Debug|x86.ActiveCfg = Debug|x86
		{ED7A59D2-A4A1-4372-B9E7-2A35EF43C48F}.Debug|x86.Build.0 = Debug|x86
		{ED7A59D2-A4A1-4372-B9E7-2A35EF43C48F}.Release|x86.ActiveCfg = Release|x86
		{ED7A59D2-A4A1-4372-B9E7-2A35EF43C48F}.Release|x86.Build.0 = Release|x86
	EndGlobalSection
	GlobalSection(SolutionProperties) = preSolution
		HideSolutionNode = FALSE
	EndGlobalSection
EndGlobal
