
Microsoft Visual Studio Solution File, Format Version 11.00
# Visual C# Express 2010
Project("{FAE04EC0-301F-11D3-BF4B-00C04F79EFBC}") = "CLIClient", "CLIClient.csproj", "{79A69B70-83D7-45D6-88F5-F99C85B6A3EC}"
EndProject
Project("{FAE04EC0-301F-11D3-BF4B-00C04F79EFBC}") = "MadNet", "..\MadNet\MadNet.csproj", "{A514087D-3F5D-4B89-A5E9-EB673210566F}"
EndProject
Project("{FAE04EC0-301F-11D3-BF4B-00C04F79EFBC}") = "CLIIO", "..\CLIIO\CLIIO.csproj", "{FC728832-1EAD-4B88-B557-68EB12775678}"
EndProject
Global
	GlobalSection(SolutionConfigurationPlatforms) = preSolution
		Debug|Any CPU = Debug|Any CPU
		Debug|Mixed Platforms = Debug|Mixed Platforms
		Debug|x86 = Debug|x86
		Publish|Any CPU = Publish|Any CPU
		Publish|Mixed Platforms = Publish|Mixed Platforms
		Publish|x86 = Publish|x86
		Release|Any CPU = Release|Any CPU
		Release|Mixed Platforms = Release|Mixed Platforms
		Release|x86 = Release|x86
	EndGlobalSection
	GlobalSection(ProjectConfigurationPlatforms) = postSolution
		{79A69B70-83D7-45D6-88F5-F99C85B6A3EC}.Debug|Any CPU.ActiveCfg = Debug|x86
		{79A69B70-83D7-45D6-88F5-F99C85B6A3EC}.Debug|Mixed Platforms.ActiveCfg = Debug|x86
		{79A69B70-83D7-45D6-88F5-F99C85B6A3EC}.Debug|Mixed Platforms.Build.0 = Debug|x86
		{79A69B70-83D7-45D6-88F5-F99C85B6A3EC}.Debug|x86.ActiveCfg = Debug|x86
		{79A69B70-83D7-45D6-88F5-F99C85B6A3EC}.Debug|x86.Build.0 = Debug|x86
		{79A69B70-83D7-45D6-88F5-F99C85B6A3EC}.Publish|Any CPU.ActiveCfg = Release|x86
		{79A69B70-83D7-45D6-88F5-F99C85B6A3EC}.Publish|Mixed Platforms.ActiveCfg = Release|x86
		{79A69B70-83D7-45D6-88F5-F99C85B6A3EC}.Publish|Mixed Platforms.Build.0 = Release|x86
		{79A69B70-83D7-45D6-88F5-F99C85B6A3EC}.Publish|x86.ActiveCfg = Release|x86
		{79A69B70-83D7-45D6-88F5-F99C85B6A3EC}.Publish|x86.Build.0 = Release|x86
		{79A69B70-83D7-45D6-88F5-F99C85B6A3EC}.Release|Any CPU.ActiveCfg = Release|x86
		{79A69B70-83D7-45D6-88F5-F99C85B6A3EC}.Release|Mixed Platforms.ActiveCfg = Release|x86
		{79A69B70-83D7-45D6-88F5-F99C85B6A3EC}.Release|Mixed Platforms.Build.0 = Release|x86
		{79A69B70-83D7-45D6-88F5-F99C85B6A3EC}.Release|x86.ActiveCfg = Release|x86
		{79A69B70-83D7-45D6-88F5-F99C85B6A3EC}.Release|x86.Build.0 = Release|x86
		{A514087D-3F5D-4B89-A5E9-EB673210566F}.Debug|Any CPU.ActiveCfg = Debug|Any CPU
		{A514087D-3F5D-4B89-A5E9-EB673210566F}.Debug|Any CPU.Build.0 = Debug|Any CPU
		{A514087D-3F5D-4B89-A5E9-EB673210566F}.Debug|Mixed Platforms.ActiveCfg = Debug|Any CPU
		{A514087D-3F5D-4B89-A5E9-EB673210566F}.Debug|Mixed Platforms.Build.0 = Debug|Any CPU
		{A514087D-3F5D-4B89-A5E9-EB673210566F}.Debug|x86.ActiveCfg = Debug|Any CPU
		{A514087D-3F5D-4B89-A5E9-EB673210566F}.Publish|Any CPU.ActiveCfg = Release|Any CPU
		{A514087D-3F5D-4B89-A5E9-EB673210566F}.Publish|Any CPU.Build.0 = Release|Any CPU
		{A514087D-3F5D-4B89-A5E9-EB673210566F}.Publish|Mixed Platforms.ActiveCfg = Release|Any CPU
		{A514087D-3F5D-4B89-A5E9-EB673210566F}.Publish|Mixed Platforms.Build.0 = Release|Any CPU
		{A514087D-3F5D-4B89-A5E9-EB673210566F}.Publish|x86.ActiveCfg = Release|Any CPU
		{A514087D-3F5D-4B89-A5E9-EB673210566F}.Release|Any CPU.ActiveCfg = Release|Any CPU
		{A514087D-3F5D-4B89-A5E9-EB673210566F}.Release|Any CPU.Build.0 = Release|Any CPU
		{A514087D-3F5D-4B89-A5E9-EB673210566F}.Release|Mixed Platforms.ActiveCfg = Release|Any CPU
		{A514087D-3F5D-4B89-A5E9-EB673210566F}.Release|Mixed Platforms.Build.0 = Release|Any CPU
		{A514087D-3F5D-4B89-A5E9-EB673210566F}.Release|x86.ActiveCfg = Release|Any CPU
		{FC728832-1EAD-4B88-B557-68EB12775678}.Debug|Any CPU.ActiveCfg = Debug|Any CPU
		{FC728832-1EAD-4B88-B557-68EB12775678}.Debug|Any CPU.Build.0 = Debug|Any CPU
		{FC728832-1EAD-4B88-B557-68EB12775678}.Debug|Mixed Platforms.ActiveCfg = Debug|Any CPU
		{FC728832-1EAD-4B88-B557-68EB12775678}.Debug|Mixed Platforms.Build.0 = Debug|Any CPU
		{FC728832-1EAD-4B88-B557-68EB12775678}.Debug|x86.ActiveCfg = Debug|Any CPU
		{FC728832-1EAD-4B88-B557-68EB12775678}.Publish|Any CPU.ActiveCfg = Release|Any CPU
		{FC728832-1EAD-4B88-B557-68EB12775678}.Publish|Any CPU.Build.0 = Release|Any CPU
		{FC728832-1EAD-4B88-B557-68EB12775678}.Publish|Mixed Platforms.ActiveCfg = Release|Any CPU
		{FC728832-1EAD-4B88-B557-68EB12775678}.Publish|Mixed Platforms.Build.0 = Release|Any CPU
		{FC728832-1EAD-4B88-B557-68EB12775678}.Publish|x86.ActiveCfg = Release|Any CPU
		{FC728832-1EAD-4B88-B557-68EB12775678}.Release|Any CPU.ActiveCfg = Release|Any CPU
		{FC728832-1EAD-4B88-B557-68EB12775678}.Release|Any CPU.Build.0 = Release|Any CPU
		{FC728832-1EAD-4B88-B557-68EB12775678}.Release|Mixed Platforms.ActiveCfg = Release|Any CPU
		{FC728832-1EAD-4B88-B557-68EB12775678}.Release|Mixed Platforms.Build.0 = Release|Any CPU
		{FC728832-1EAD-4B88-B557-68EB12775678}.Release|x86.ActiveCfg = Release|Any CPU
	EndGlobalSection
	GlobalSection(SolutionProperties) = preSolution
		HideSolutionNode = FALSE
	EndGlobalSection
EndGlobal
