
Microsoft Visual Studio Solution File, Format Version 11.00
# Visual C# Express 2010
Project("{FAE04EC0-301F-11D3-BF4B-00C04F79EFBC}") = "MAD", "MAD.csproj", "{0A1F0057-E91E-41C6-A224-9850C5D17B5B}"
EndProject
Project("{FAE04EC0-301F-11D3-BF4B-00C04F79EFBC}") = "SmartThreadPool", "..\SmartThreadPool\SmartThreadPool.csproj", "{74D4C33F-7CC8-4B2A-A7DF-D8B6E63B6EBD}"
EndProject
Project("{FAE04EC0-301F-11D3-BF4B-00C04F79EFBC}") = "NetIO", "..\NetIO\NetIO.csproj", "{543FF0AA-C17C-478E-8FFE-FB63C3842131}"
EndProject
Global
	GlobalSection(SolutionConfigurationPlatforms) = preSolution
		Debug|Any CPU = Debug|Any CPU
		Debug|Mixed Platforms = Debug|Mixed Platforms
		Debug|x86 = Debug|x86
		Publish|Any CPU = Publish|Any CPU
		Publish|Mixed Platforms = Publish|Mixed Platforms
		Publish|x86 = Publish|x86
		Release|Any CPU = Release|Any CPU
		Release|Mixed Platforms = Release|Mixed Platforms
		Release|x86 = Release|x86
	EndGlobalSection
	GlobalSection(ProjectConfigurationPlatforms) = postSolution
		{0A1F0057-E91E-41C6-A224-9850C5D17B5B}.Debug|Any CPU.ActiveCfg = Debug|x86
		{0A1F0057-E91E-41C6-A224-9850C5D17B5B}.Debug|Mixed Platforms.ActiveCfg = Debug|x86
		{0A1F0057-E91E-41C6-A224-9850C5D17B5B}.Debug|Mixed Platforms.Build.0 = Debug|x86
		{0A1F0057-E91E-41C6-A224-9850C5D17B5B}.Debug|x86.ActiveCfg = Debug|x86
		{0A1F0057-E91E-41C6-A224-9850C5D17B5B}.Debug|x86.Build.0 = Debug|x86
		{0A1F0057-E91E-41C6-A224-9850C5D17B5B}.Publish|Any CPU.ActiveCfg = Release|x86
		{0A1F0057-E91E-41C6-A224-9850C5D17B5B}.Publish|Mixed Platforms.ActiveCfg = Release|x86
		{0A1F0057-E91E-41C6-A224-9850C5D17B5B}.Publish|Mixed Platforms.Build.0 = Release|x86
		{0A1F0057-E91E-41C6-A224-9850C5D17B5B}.Publish|x86.ActiveCfg = Release|x86
		{0A1F0057-E91E-41C6-A224-9850C5D17B5B}.Publish|x86.Build.0 = Release|x86
		{0A1F0057-E91E-41C6-A224-9850C5D17B5B}.Release|Any CPU.ActiveCfg = Release|x86
		{0A1F0057-E91E-41C6-A224-9850C5D17B5B}.Release|Mixed Platforms.ActiveCfg = Release|x86
		{0A1F0057-E91E-41C6-A224-9850C5D17B5B}.Release|Mixed Platforms.Build.0 = Release|x86
		{0A1F0057-E91E-41C6-A224-9850C5D17B5B}.Release|x86.ActiveCfg = Release|x86
		{0A1F0057-E91E-41C6-A224-9850C5D17B5B}.Release|x86.Build.0 = Release|x86
		{74D4C33F-7CC8-4B2A-A7DF-D8B6E63B6EBD}.Debug|Any CPU.ActiveCfg = Debug|Any CPU
		{74D4C33F-7CC8-4B2A-A7DF-D8B6E63B6EBD}.Debug|Any CPU.Build.0 = Debug|Any CPU
		{74D4C33F-7CC8-4B2A-A7DF-D8B6E63B6EBD}.Debug|Mixed Platforms.ActiveCfg = Debug|Any CPU
		{74D4C33F-7CC8-4B2A-A7DF-D8B6E63B6EBD}.Debug|Mixed Platforms.Build.0 = Debug|Any CPU
		{74D4C33F-7CC8-4B2A-A7DF-D8B6E63B6EBD}.Debug|x86.ActiveCfg = Debug|Any CPU
		{74D4C33F-7CC8-4B2A-A7DF-D8B6E63B6EBD}.Publish|Any CPU.ActiveCfg = Publish|Any CPU
		{74D4C33F-7CC8-4B2A-A7DF-D8B6E63B6EBD}.Publish|Any CPU.Build.0 = Publish|Any CPU
		{74D4C33F-7CC8-4B2A-A7DF-D8B6E63B6EBD}.Publish|Mixed Platforms.ActiveCfg = Publish|Any CPU
		{74D4C33F-7CC8-4B2A-A7DF-D8B6E63B6EBD}.Publish|Mixed Platforms.Build.0 = Publish|Any CPU
		{74D4C33F-7CC8-4B2A-A7DF-D8B6E63B6EBD}.Publish|x86.ActiveCfg = Publish|Any CPU
		{74D4C33F-7CC8-4B2A-A7DF-D8B6E63B6EBD}.Release|Any CPU.ActiveCfg = Release|Any CPU
		{74D4C33F-7CC8-4B2A-A7DF-D8B6E63B6EBD}.Release|Any CPU.Build.0 = Release|Any CPU
		{74D4C33F-7CC8-4B2A-A7DF-D8B6E63B6EBD}.Release|Mixed Platforms.ActiveCfg = Release|Any CPU
		{74D4C33F-7CC8-4B2A-A7DF-D8B6E63B6EBD}.Release|Mixed Platforms.Build.0 = Release|Any CPU
		{74D4C33F-7CC8-4B2A-A7DF-D8B6E63B6EBD}.Release|x86.ActiveCfg = Release|Any CPU
		{543FF0AA-C17C-478E-8FFE-FB63C3842131}.Debug|Any CPU.ActiveCfg = Debug|Any CPU
		{543FF0AA-C17C-478E-8FFE-FB63C3842131}.Debug|Any CPU.Build.0 = Debug|Any CPU
		{543FF0AA-C17C-478E-8FFE-FB63C3842131}.Debug|Mixed Platforms.ActiveCfg = Debug|Any CPU
		{543FF0AA-C17C-478E-8FFE-FB63C3842131}.Debug|Mixed Platforms.Build.0 = Debug|Any CPU
		{543FF0AA-C17C-478E-8FFE-FB63C3842131}.Debug|x86.ActiveCfg = Debug|Any CPU
		{543FF0AA-C17C-478E-8FFE-FB63C3842131}.Publish|Any CPU.ActiveCfg = Release|Any CPU
		{543FF0AA-C17C-478E-8FFE-FB63C3842131}.Publish|Any CPU.Build.0 = Release|Any CPU
		{543FF0AA-C17C-478E-8FFE-FB63C3842131}.Publish|Mixed Platforms.ActiveCfg = Release|Any CPU
		{543FF0AA-C17C-478E-8FFE-FB63C3842131}.Publish|Mixed Platforms.Build.0 = Release|Any CPU
		{543FF0AA-C17C-478E-8FFE-FB63C3842131}.Publish|x86.ActiveCfg = Release|Any CPU
		{543FF0AA-C17C-478E-8FFE-FB63C3842131}.Release|Any CPU.ActiveCfg = Release|Any CPU
		{543FF0AA-C17C-478E-8FFE-FB63C3842131}.Release|Any CPU.Build.0 = Release|Any CPU
		{543FF0AA-C17C-478E-8FFE-FB63C3842131}.Release|Mixed Platforms.ActiveCfg = Release|Any CPU
		{543FF0AA-C17C-478E-8FFE-FB63C3842131}.Release|Mixed Platforms.Build.0 = Release|Any CPU
		{543FF0AA-C17C-478E-8FFE-FB63C3842131}.Release|x86.ActiveCfg = Release|Any CPU
	EndGlobalSection
	GlobalSection(SolutionProperties) = preSolution
		HideSolutionNode = FALSE
	EndGlobalSection
EndGlobal
